
Microsoft Visual Studio Solution File, Format Version 12.00
# Visual Studio Version 17
VisualStudioVersion = 17.3.32825.248
MinimumVisualStudioVersion = 10.0.40219.1
Project("{FAE04EC0-301F-11D3-BF4B-00C04F79EFBC}") = "ModeloDominio", "Mensaje\ModeloDominio.csproj", "{C8893141-A4E5-48A6-B89E-D5D6A1887EDD}"
EndProject
Project("{FAE04EC0-301F-11D3-BF4B-00C04F79EFBC}") = "PresentacionWindows", "PresentacionWindows\PresentacionWindows.csproj", "{4B2E5F1B-B768-4686-A0FA-C80370AF6D76}"
EndProject
Project("{FAE04EC0-301F-11D3-BF4B-00C04F79EFBC}") = "CifradoCesar", "CifradoCesar\CifradoCesar.csproj", "{1A6C1BB3-C038-47A3-94FD-2D7A0DF5A0C2}"
EndProject
Project("{FAE04EC0-301F-11D3-BF4B-00C04F79EFBC}") = "Encriptador", "Encriptador\Encriptador.csproj", "{3925FFAE-A966-4C58-A78A-7999234386BC}"
EndProject
Project("{FAE04EC0-301F-11D3-BF4B-00C04F79EFBC}") = "AlgoritmoEncriptacion", "Algoritmo\AlgoritmoEncriptacion.csproj", "{A4DA49AB-0694-43AF-9EE6-4CD3B6B098D6}"
EndProject
Project("{FAE04EC0-301F-11D3-BF4B-00C04F79EFBC}") = "CifradoVigenere", "CifradoVigenere\CifradoVigenere.csproj", "{3C176D21-1F62-49D3-9FC1-C64B2FE5E99B}"
EndProject
Project("{2150E333-8FDC-42A3-9474-1A3956D46DE8}") = "Algoritmos", "Algoritmos", "{F196C74D-9A5F-4442-8B9E-30EE39683C96}"
EndProject
Project("{2150E333-8FDC-42A3-9474-1A3956D46DE8}") = "CapaPresentacion", "CapaPresentacion", "{1A634623-D4A1-4D55-88AD-C0C248D17354}"
EndProject
Project("{FAE04EC0-301F-11D3-BF4B-00C04F79EFBC}") = "ColeccionEncriptacion", "ColeccionEncriptacion\ColeccionEncriptacion.csproj", "{C99CB087-0CBA-40B8-AA56-21C772F04C26}"
EndProject
Project("{FAE04EC0-301F-11D3-BF4B-00C04F79EFBC}") = "CifradoRSA", "CifradoRSA\CifradoRSA.csproj", "{E0DCC3DF-C953-49FE-B8E4-DD82BBA205F3}"
EndProject
Project("{FAE04EC0-301F-11D3-BF4B-00C04F79EFBC}") = "Prueba", "Prueba\Prueba.csproj", "{EC9DEEEB-85B3-4175-815A-DC9C1E49B676}"
EndProject
Global
	GlobalSection(SolutionConfigurationPlatforms) = preSolution
		Debug|Any CPU = Debug|Any CPU
		Release|Any CPU = Release|Any CPU
	EndGlobalSection
	GlobalSection(ProjectConfigurationPlatforms) = postSolution
		{C8893141-A4E5-48A6-B89E-D5D6A1887EDD}.Debug|Any CPU.ActiveCfg = Debug|Any CPU
		{C8893141-A4E5-48A6-B89E-D5D6A1887EDD}.Debug|Any CPU.Build.0 = Debug|Any CPU
		{C8893141-A4E5-48A6-B89E-D5D6A1887EDD}.Release|Any CPU.ActiveCfg = Release|Any CPU
		{C8893141-A4E5-48A6-B89E-D5D6A1887EDD}.Release|Any CPU.Build.0 = Release|Any CPU
		{4B2E5F1B-B768-4686-A0FA-C80370AF6D76}.Debug|Any CPU.ActiveCfg = Debug|Any CPU
		{4B2E5F1B-B768-4686-A0FA-C80370AF6D76}.Debug|Any CPU.Build.0 = Debug|Any CPU
		{4B2E5F1B-B768-4686-A0FA-C80370AF6D76}.Release|Any CPU.ActiveCfg = Release|Any CPU
		{4B2E5F1B-B768-4686-A0FA-C80370AF6D76}.Release|Any CPU.Build.0 = Release|Any CPU
		{1A6C1BB3-C038-47A3-94FD-2D7A0DF5A0C2}.Debug|Any CPU.ActiveCfg = Debug|Any CPU
		{1A6C1BB3-C038-47A3-94FD-2D7A0DF5A0C2}.Debug|Any CPU.Build.0 = Debug|Any CPU
		{1A6C1BB3-C038-47A3-94FD-2D7A0DF5A0C2}.Release|Any CPU.ActiveCfg = Release|Any CPU
		{1A6C1BB3-C038-47A3-94FD-2D7A0DF5A0C2}.Release|Any CPU.Build.0 = Release|Any CPU
		{3925FFAE-A966-4C58-A78A-7999234386BC}.Debug|Any CPU.ActiveCfg = Debug|Any CPU
		{3925FFAE-A966-4C58-A78A-7999234386BC}.Debug|Any CPU.Build.0 = Debug|Any CPU
		{3925FFAE-A966-4C58-A78A-7999234386BC}.Release|Any CPU.ActiveCfg = Release|Any CPU
		{3925FFAE-A966-4C58-A78A-7999234386BC}.Release|Any CPU.Build.0 = Release|Any CPU
		{A4DA49AB-0694-43AF-9EE6-4CD3B6B098D6}.Debug|Any CPU.ActiveCfg = Debug|Any CPU
		{A4DA49AB-0694-43AF-9EE6-4CD3B6B098D6}.Debug|Any CPU.Build.0 = Debug|Any CPU
		{A4DA49AB-0694-43AF-9EE6-4CD3B6B098D6}.Release|Any CPU.ActiveCfg = Release|Any CPU
		{A4DA49AB-0694-43AF-9EE6-4CD3B6B098D6}.Release|Any CPU.Build.0 = Release|Any CPU
		{3C176D21-1F62-49D3-9FC1-C64B2FE5E99B}.Debug|Any CPU.ActiveCfg = Debug|Any CPU
		{3C176D21-1F62-49D3-9FC1-C64B2FE5E99B}.Debug|Any CPU.Build.0 = Debug|Any CPU
		{3C176D21-1F62-49D3-9FC1-C64B2FE5E99B}.Release|Any CPU.ActiveCfg = Release|Any CPU
		{3C176D21-1F62-49D3-9FC1-C64B2FE5E99B}.Release|Any CPU.Build.0 = Release|Any CPU
		{C99CB087-0CBA-40B8-AA56-21C772F04C26}.Debug|Any CPU.ActiveCfg = Debug|Any CPU
		{C99CB087-0CBA-40B8-AA56-21C772F04C26}.Debug|Any CPU.Build.0 = Debug|Any CPU
		{C99CB087-0CBA-40B8-AA56-21C772F04C26}.Release|Any CPU.ActiveCfg = Release|Any CPU
		{C99CB087-0CBA-40B8-AA56-21C772F04C26}.Release|Any CPU.Build.0 = Release|Any CPU
		{E0DCC3DF-C953-49FE-B8E4-DD82BBA205F3}.Debug|Any CPU.ActiveCfg = Debug|Any CPU
		{E0DCC3DF-C953-49FE-B8E4-DD82BBA205F3}.Debug|Any CPU.Build.0 = Debug|Any CPU
		{E0DCC3DF-C953-49FE-B8E4-DD82BBA205F3}.Release|Any CPU.ActiveCfg = Release|Any CPU
		{E0DCC3DF-C953-49FE-B8E4-DD82BBA205F3}.Release|Any CPU.Build.0 = Release|Any CPU
		{EC9DEEEB-85B3-4175-815A-DC9C1E49B676}.Debug|Any CPU.ActiveCfg = Debug|Any CPU
		{EC9DEEEB-85B3-4175-815A-DC9C1E49B676}.Debug|Any CPU.Build.0 = Debug|Any CPU
		{EC9DEEEB-85B3-4175-815A-DC9C1E49B676}.Release|Any CPU.ActiveCfg = Release|Any CPU
		{EC9DEEEB-85B3-4175-815A-DC9C1E49B676}.Release|Any CPU.Build.0 = Release|Any CPU
	EndGlobalSection
	GlobalSection(SolutionProperties) = preSolution
		HideSolutionNode = FALSE
	EndGlobalSection
	GlobalSection(NestedProjects) = preSolution
		{4B2E5F1B-B768-4686-A0FA-C80370AF6D76} = {1A634623-D4A1-4D55-88AD-C0C248D17354}
		{1A6C1BB3-C038-47A3-94FD-2D7A0DF5A0C2} = {F196C74D-9A5F-4442-8B9E-30EE39683C96}
		{A4DA49AB-0694-43AF-9EE6-4CD3B6B098D6} = {F196C74D-9A5F-4442-8B9E-30EE39683C96}
		{3C176D21-1F62-49D3-9FC1-C64B2FE5E99B} = {F196C74D-9A5F-4442-8B9E-30EE39683C96}
		{E0DCC3DF-C953-49FE-B8E4-DD82BBA205F3} = {F196C74D-9A5F-4442-8B9E-30EE39683C96}
	EndGlobalSection
	GlobalSection(ExtensibilityGlobals) = postSolution
		SolutionGuid = {F25EA74F-5312-411F-BB16-AB3627A80204}
	EndGlobalSection
EndGlobal
